
Microsoft Visual Studio Solution File, Format Version 12.00
# Visual Studio 2012
# SharpDevelop 4.4
VisualStudioVersion = 14.0.23107.0
MinimumVisualStudioVersion = 10.0.40219.1
Project("{FAE04EC0-301F-11D3-BF4B-00C04F79EFBC}") = "GMTool", "GMTool\GMTool.csproj", "{574D736F-2FFA-4510-93BC-55AC37233726}"
EndProject
Project("{FAE04EC0-301F-11D3-BF4B-00C04F79EFBC}") = "TextConvert", "TextConvert\TextConvert.csproj", "{7138C82A-DD82-4CB3-BA0D-AFA1437FC64C}"
EndProject
Global
	GlobalSection(SolutionConfigurationPlatforms) = preSolution
		Debug|Any CPU = Debug|Any CPU
		Release|Any CPU = Release|Any CPU
	EndGlobalSection
	GlobalSection(ProjectConfigurationPlatforms) = postSolution
		{574D736F-2FFA-4510-93BC-55AC37233726}.Debug|Any CPU.ActiveCfg = Debug|Any CPU
		{574D736F-2FFA-4510-93BC-55AC37233726}.Debug|Any CPU.Build.0 = Debug|Any CPU
		{574D736F-2FFA-4510-93BC-55AC37233726}.Release|Any CPU.ActiveCfg = Release|Any CPU
		{574D736F-2FFA-4510-93BC-55AC37233726}.Release|Any CPU.Build.0 = Release|Any CPU
		{7138C82A-DD82-4CB3-BA0D-AFA1437FC64C}.Debug|Any CPU.Build.0 = Debug|Any CPU
		{7138C82A-DD82-4CB3-BA0D-AFA1437FC64C}.Debug|Any CPU.ActiveCfg = Debug|Any CPU
		{7138C82A-DD82-4CB3-BA0D-AFA1437FC64C}.Release|Any CPU.Build.0 = Release|Any CPU
		{7138C82A-DD82-4CB3-BA0D-AFA1437FC64C}.Release|Any CPU.ActiveCfg = Release|Any CPU
	EndGlobalSection
	GlobalSection(SolutionProperties) = preSolution
		HideSolutionNode = FALSE
	EndGlobalSection
EndGlobal
